<?xml version="1.0" encoding="utf-8"?>
<Project ToolsVersion="4.0" xmlns="http://schemas.microsoft.com/developer/msbuild/2003">
  <ItemGroup>
    <ClCompile Include="client_windows.c" />
    <ClCompile Include="render.c" />
    <ClCompile Include="input.c" />
    <ClCompile Include="main.c" />
    <ClCompile Include="resource.c" />
    <ClCompile Include="volk.c" />
    <ClCompile Include="window.c" />
    <ClCompile Include="fonts\arial_32.h">
      <Filter>fonts</Filter>
    </ClCompile>
    <ClCompile Include="buffer_pool.c" />
  </ItemGroup>
  <ItemGroup>
    <ClInclude Include="font.h" />
    <ClInclude Include="render.h" />
    <ClInclude Include="input.h" />
    <ClInclude Include="resource.h" />
    <ClInclude Include="volk.h" />
    <ClInclude Include="window.h" />
    <ClInclude Include="shaders\line_frag.h">
      <Filter>shaders</Filter>
    </ClInclude>
    <ClInclude Include="shaders\line_vert.h">
      <Filter>shaders</Filter>
    </ClInclude>
    <ClInclude Include="shaders\post_effect_frag.h">
      <Filter>shaders</Filter>
    </ClInclude>
    <ClInclude Include="shaders\post_effect_vert.h">
      <Filter>shaders</Filter>
    </ClInclude>
    <ClInclude Include="shaders\sprite_frag.h">
      <Filter>shaders</Filter>
    </ClInclude>
    <ClInclude Include="shaders\sprite_vert.h">
      <Filter>shaders</Filter>
    </ClInclude>
    <ClInclude Include="buffer_pool.h" />
  </ItemGroup>
  <ItemGroup>
    <Filter Include="shaders">
      <UniqueIdentifier>{17bca69d-084b-4d22-b5f4-08056e4417b1}</UniqueIdentifier>
    </Filter>
    <Filter Include="fonts">
      <UniqueIdentifier>{773785de-d524-44d5-8580-8a12e63171e6}</UniqueIdentifier>
    </Filter>
  </ItemGroup>
  <ItemGroup>
    <None Include="shaders\post_effect.frag">
      <Filter>shaders</Filter>
    </None>
    <None Include="shaders\post_effect.vert">
      <Filter>shaders</Filter>
    </None>
    <None Include="shaders\line.frag">
      <Filter>shaders</Filter>
    </None>
    <None Include="shaders\line.vert">
      <Filter>shaders</Filter>
    </None>
    <None Include="shaders\sprite.frag">
      <Filter>shaders</Filter>
    </None>
    <None Include="shaders\sprite.vert">
      <Filter>shaders</Filter>
    </None>
  </ItemGroup>
</Project>